Microsoft Visual Studio Solution File, Format Version 11.00
# Visual Studio 2008

Project("{9068D258-52C2-4709-20BA-CC11327F6583}") = "gameDemo", "Assembly-CSharp.csproj", "{B1FD15E2-08FB-802A-6840-67D628C42B85}"
EndProject
Global
	GlobalSection(SolutionConfigurationPlatforms) = preSolution
		Debug|Any CPU = Debug|Any CPU
		Release|Any CPU = Release|Any CPU
	EndGlobalSection
	GlobalSection(ProjectConfigurationPlatforms) = postSolution
		{B1FD15E2-08FB-802A-6840-67D628C42B85}.Debug|Any CPU.ActiveCfg = Debug|Any CPU
		{B1FD15E2-08FB-802A-6840-67D628C42B85}.Debug|Any CPU.Build.0 = Debug|Any CPU
		{B1FD15E2-08FB-802A-6840-67D628C42B85}.Release|Any CPU.ActiveCfg = Release|Any CPU
		{B1FD15E2-08FB-802A-6840-67D628C42B85}.Release|Any CPU.Build.0 = Release|Any CPU
	EndGlobalSection
	GlobalSection(SolutionProperties) = preSolution
		HideSolutionNode = FALSE
	EndGlobalSection
	GlobalSection(MonoDevelopProperties) = preSolution
		StartupItem = Assembly-CSharp.csproj
	EndGlobalSection
EndGlobal
